
Microsoft Visual Studio Solution File, Format Version 12.00
# Visual Studio Version 16
VisualStudioVersion = 16.0.30128.74
MinimumVisualStudioVersion = 10.0.40219.1
Project("{FAE04EC0-301F-11D3-BF4B-00C04F79EFBC}") = "ParllelProgramming", "ParllelProgramming\ParllelProgramming.csproj", "{2D8B089A-4A99-45F0-913C-C447818FE47C}"
EndProject
Project("{FAE04EC0-301F-11D3-BF4B-00C04F79EFBC}") = "TasksAsync", "TasksAsync\TasksAsync.csproj", "{D4F82337-B129-42CB-A34C-EA53162A06EA}"
EndProject
Project("{FAE04EC0-301F-11D3-BF4B-00C04F79EFBC}") = "SchedulingTasks", "SchedulingTasks\SchedulingTasks.csproj", "{7CBB1B89-EBC0-4AF8-99D4-06077FE4018F}"
EndProject
Project("{FAE04EC0-301F-11D3-BF4B-00C04F79EFBC}") = "CallBackFunctions", "CallBackFunctions\CallBackFunctions.csproj", "{51496FC3-5207-4D71-95CD-86104C0E5B96}"
EndProject
Project("{FAE04EC0-301F-11D3-BF4B-00C04F79EFBC}") = "ThreadSafe", "ThreadSafe\ThreadSafe.csproj", "{3CB5AD1C-A9A6-4CD0-92E8-7FE1149A93EB}"
EndProject
Project("{FAE04EC0-301F-11D3-BF4B-00C04F79EFBC}") = "MutexSample", "MutexSample\MutexSample.csproj", "{8299846A-ACE6-4AD4-8FF6-C77CB204822B}"
EndProject
Global
	GlobalSection(SolutionConfigurationPlatforms) = preSolution
		Debug|Any CPU = Debug|Any CPU
		Release|Any CPU = Release|Any CPU
	EndGlobalSection
	GlobalSection(ProjectConfigurationPlatforms) = postSolution
		{2D8B089A-4A99-45F0-913C-C447818FE47C}.Debug|Any CPU.ActiveCfg = Debug|Any CPU
		{2D8B089A-4A99-45F0-913C-C447818FE47C}.Debug|Any CPU.Build.0 = Debug|Any CPU
		{2D8B089A-4A99-45F0-913C-C447818FE47C}.Release|Any CPU.ActiveCfg = Release|Any CPU
		{2D8B089A-4A99-45F0-913C-C447818FE47C}.Release|Any CPU.Build.0 = Release|Any CPU
		{D4F82337-B129-42CB-A34C-EA53162A06EA}.Debug|Any CPU.ActiveCfg = Debug|Any CPU
		{D4F82337-B129-42CB-A34C-EA53162A06EA}.Debug|Any CPU.Build.0 = Debug|Any CPU
		{D4F82337-B129-42CB-A34C-EA53162A06EA}.Release|Any CPU.ActiveCfg = Release|Any CPU
		{D4F82337-B129-42CB-A34C-EA53162A06EA}.Release|Any CPU.Build.0 = Release|Any CPU
		{7CBB1B89-EBC0-4AF8-99D4-06077FE4018F}.Debug|Any CPU.ActiveCfg = Debug|Any CPU
		{7CBB1B89-EBC0-4AF8-99D4-06077FE4018F}.Debug|Any CPU.Build.0 = Debug|Any CPU
		{7CBB1B89-EBC0-4AF8-99D4-06077FE4018F}.Release|Any CPU.ActiveCfg = Release|Any CPU
		{7CBB1B89-EBC0-4AF8-99D4-06077FE4018F}.Release|Any CPU.Build.0 = Release|Any CPU
		{51496FC3-5207-4D71-95CD-86104C0E5B96}.Debug|Any CPU.ActiveCfg = Debug|Any CPU
		{51496FC3-5207-4D71-95CD-86104C0E5B96}.Debug|Any CPU.Build.0 = Debug|Any CPU
		{51496FC3-5207-4D71-95CD-86104C0E5B96}.Release|Any CPU.ActiveCfg = Release|Any CPU
		{51496FC3-5207-4D71-95CD-86104C0E5B96}.Release|Any CPU.Build.0 = Release|Any CPU
		{3CB5AD1C-A9A6-4CD0-92E8-7FE1149A93EB}.Debug|Any CPU.ActiveCfg = Debug|Any CPU
		{3CB5AD1C-A9A6-4CD0-92E8-7FE1149A93EB}.Debug|Any CPU.Build.0 = Debug|Any CPU
		{3CB5AD1C-A9A6-4CD0-92E8-7FE1149A93EB}.Release|Any CPU.ActiveCfg = Release|Any CPU
		{3CB5AD1C-A9A6-4CD0-92E8-7FE1149A93EB}.Release|Any CPU.Build.0 = Release|Any CPU
		{8299846A-ACE6-4AD4-8FF6-C77CB204822B}.Debug|Any CPU.ActiveCfg = Debug|Any CPU
		{8299846A-ACE6-4AD4-8FF6-C77CB204822B}.Debug|Any CPU.Build.0 = Debug|Any CPU
		{8299846A-ACE6-4AD4-8FF6-C77CB204822B}.Release|Any CPU.ActiveCfg = Release|Any CPU
		{8299846A-ACE6-4AD4-8FF6-C77CB204822B}.Release|Any CPU.Build.0 = Release|Any CPU
	EndGlobalSection
	GlobalSection(SolutionProperties) = preSolution
		HideSolutionNode = FALSE
	EndGlobalSection
	GlobalSection(ExtensibilityGlobals) = postSolution
		SolutionGuid = {B0F78398-2F8B-4963-BB16-51D37B0E1D72}
	EndGlobalSection
EndGlobal
