
Microsoft Visual Studio Solution File, Format Version 12.00
# Visual Studio Version 16
VisualStudioVersion = 16.0.30128.74
MinimumVisualStudioVersion = 10.0.40219.1
Project("{FAE04EC0-301F-11D3-BF4B-00C04F79EFBC}") = "WebApiFW4_6", "WebApiFW4_6\WebApiFW4_6.csproj", "{AC810412-94C3-40B7-8FD4-B39A916139BC}"
EndProject
Global
	GlobalSection(SolutionConfigurationPlatforms) = preSolution
		Debug|Any CPU = Debug|Any CPU
		Release|Any CPU = Release|Any CPU
	EndGlobalSection
	GlobalSection(ProjectConfigurationPlatforms) = postSolution
		{AC810412-94C3-40B7-8FD4-B39A916139BC}.Debug|Any CPU.ActiveCfg = Debug|Any CPU
		{AC810412-94C3-40B7-8FD4-B39A916139BC}.Debug|Any CPU.Build.0 = Debug|Any CPU
		{AC810412-94C3-40B7-8FD4-B39A916139BC}.Release|Any CPU.ActiveCfg = Release|Any CPU
		{AC810412-94C3-40B7-8FD4-B39A916139BC}.Release|Any CPU.Build.0 = Release|Any CPU
	EndGlobalSection
	GlobalSection(SolutionProperties) = preSolution
		HideSolutionNode = FALSE
	EndGlobalSection
	GlobalSection(ExtensibilityGlobals) = postSolution
		SolutionGuid = {2F2382F9-7FB8-4E16-AAEF-C88138149435}
	EndGlobalSection
EndGlobal
