
Microsoft Visual Studio Solution File, Format Version 12.00
# Visual Studio Version 16
VisualStudioVersion = 16.0.30128.74
MinimumVisualStudioVersion = 10.0.40219.1
Project("{9A19103F-16F7-4668-BE54-9A1E7A4F7556}") = "WebApiTask", "WebApiTask\WebApiTask.csproj", "{D9591D28-4A17-4ADC-B61A-D8873F6CCF21}"
EndProject
Project("{9A19103F-16F7-4668-BE54-9A1E7A4F7556}") = "WebApiTask.DataAccess", "WebApiTask.DataAccess\WebApiTask.DataAccess.csproj", "{EF2A078C-D4E5-449F-A371-296A7E1C22A4}"
EndProject
Project("{9A19103F-16F7-4668-BE54-9A1E7A4F7556}") = "WebApiTask.Models", "WebApiTask.Models\WebApiTask.Models.csproj", "{85E2F992-5C11-4464-9FCA-9CE9C172B08F}"
EndProject
Project("{9A19103F-16F7-4668-BE54-9A1E7A4F7556}") = "WebApiTask.Utils", "WebApiTask.Utils\WebApiTask.Utils.csproj", "{16E08C52-BDB3-44E8-8099-22F2787836EA}"
EndProject
Project("{9A19103F-16F7-4668-BE54-9A1E7A4F7556}") = "WebApiTask.Test", "WebApiTask.Test\WebApiTask.Test.csproj", "{8F42F51D-A719-49E2-87FC-899DC963755A}"
EndProject
Project("{2150E333-8FDC-42A3-9474-1A3956D46DE8}") = "Notes", "Notes", "{2AEAFEC5-65DF-481A-A6BD-A24DC1C2563D}"
	ProjectSection(SolutionItems) = preProject
		Notes.txt = Notes.txt
	EndProjectSection
EndProject
Global
	GlobalSection(SolutionConfigurationPlatforms) = preSolution
		Debug|Any CPU = Debug|Any CPU
		Release|Any CPU = Release|Any CPU
	EndGlobalSection
	GlobalSection(ProjectConfigurationPlatforms) = postSolution
		{D9591D28-4A17-4ADC-B61A-D8873F6CCF21}.Debug|Any CPU.ActiveCfg = Debug|Any CPU
		{D9591D28-4A17-4ADC-B61A-D8873F6CCF21}.Debug|Any CPU.Build.0 = Debug|Any CPU
		{D9591D28-4A17-4ADC-B61A-D8873F6CCF21}.Release|Any CPU.ActiveCfg = Release|Any CPU
		{D9591D28-4A17-4ADC-B61A-D8873F6CCF21}.Release|Any CPU.Build.0 = Release|Any CPU
		{EF2A078C-D4E5-449F-A371-296A7E1C22A4}.Debug|Any CPU.ActiveCfg = Debug|Any CPU
		{EF2A078C-D4E5-449F-A371-296A7E1C22A4}.Debug|Any CPU.Build.0 = Debug|Any CPU
		{EF2A078C-D4E5-449F-A371-296A7E1C22A4}.Release|Any CPU.ActiveCfg = Release|Any CPU
		{EF2A078C-D4E5-449F-A371-296A7E1C22A4}.Release|Any CPU.Build.0 = Release|Any CPU
		{85E2F992-5C11-4464-9FCA-9CE9C172B08F}.Debug|Any CPU.ActiveCfg = Debug|Any CPU
		{85E2F992-5C11-4464-9FCA-9CE9C172B08F}.Debug|Any CPU.Build.0 = Debug|Any CPU
		{85E2F992-5C11-4464-9FCA-9CE9C172B08F}.Release|Any CPU.ActiveCfg = Release|Any CPU
		{85E2F992-5C11-4464-9FCA-9CE9C172B08F}.Release|Any CPU.Build.0 = Release|Any CPU
		{16E08C52-BDB3-44E8-8099-22F2787836EA}.Debug|Any CPU.ActiveCfg = Debug|Any CPU
		{16E08C52-BDB3-44E8-8099-22F2787836EA}.Debug|Any CPU.Build.0 = Debug|Any CPU
		{16E08C52-BDB3-44E8-8099-22F2787836EA}.Release|Any CPU.ActiveCfg = Release|Any CPU
		{16E08C52-BDB3-44E8-8099-22F2787836EA}.Release|Any CPU.Build.0 = Release|Any CPU
		{8F42F51D-A719-49E2-87FC-899DC963755A}.Debug|Any CPU.ActiveCfg = Debug|Any CPU
		{8F42F51D-A719-49E2-87FC-899DC963755A}.Debug|Any CPU.Build.0 = Debug|Any CPU
		{8F42F51D-A719-49E2-87FC-899DC963755A}.Release|Any CPU.ActiveCfg = Release|Any CPU
		{8F42F51D-A719-49E2-87FC-899DC963755A}.Release|Any CPU.Build.0 = Release|Any CPU
	EndGlobalSection
	GlobalSection(SolutionProperties) = preSolution
		HideSolutionNode = FALSE
	EndGlobalSection
	GlobalSection(ExtensibilityGlobals) = postSolution
		SolutionGuid = {E94D008B-1BDC-4044-A5F0-4FC63B109C98}
	EndGlobalSection
EndGlobal
